
Microsoft Visual Studio Solution File, Format Version 12.00
# Visual Studio Version 16
VisualStudioVersion = 16.0.32002.261
MinimumVisualStudioVersion = 10.0.40219.1
Project("{9A19103F-16F7-4668-BE54-9A1E7A4F7556}") = "ClipboardHistory", "ClipboardHistory.csproj", "{56BB699D-26BF-46C9-A210-E1F75CCDAD59}"
EndProject
Global
	GlobalSection(SolutionConfigurationPlatforms) = preSolution
		Debug|Any CPU = Debug|Any CPU
		Release|Any CPU = Release|Any CPU
	EndGlobalSection
	GlobalSection(ProjectConfigurationPlatforms) = postSolution
		{56BB699D-26BF-46C9-A210-E1F75CCDAD59}.Debug|Any CPU.ActiveCfg = Debug|Any CPU
		{56BB699D-26BF-46C9-A210-E1F75CCDAD59}.Debug|Any CPU.Build.0 = Debug|Any CPU
		{56BB699D-26BF-46C9-A210-E1F75CCDAD59}.Release|Any CPU.ActiveCfg = Release|Any CPU
		{56BB699D-26BF-46C9-A210-E1F75CCDAD59}.Release|Any CPU.Build.0 = Release|Any CPU
	EndGlobalSection
	GlobalSection(SolutionProperties) = preSolution
		HideSolutionNode = FALSE
	EndGlobalSection
	GlobalSection(ExtensibilityGlobals) = postSolution
		SolutionGuid = {D295005C-E1AF-46AF-9BEF-6E77C99C9F59}
	EndGlobalSection
EndGlobal
